// !$*UTF8*$!
{
	archiveVersion = 1;
	classes = {
	};
	objectVersion = 56;
	objects = {

/* Begin PBXBuildFile section */
		B03C519F0FDDF0D30943E90E /* Pods_Unsplash.framework in Frameworks */ = {isa = PBXBuildFile; fileRef = 8765581F979490905B1C9C37 /* Pods_Unsplash.framework */; };
		EFC3519A2AA72E5100180646 /* AppDelegate.swift in Sources */ = {isa = PBXBuildFile; fileRef = EFC351992AA72E5100180646 /* AppDelegate.swift */; };
		EFC3519C2AA72E5100180646 /* SceneDelegate.swift in Sources */ = {isa = PBXBuildFile; fileRef = EFC3519B2AA72E5100180646 /* SceneDelegate.swift */; };
		EFC3519E2AA72E5100180646 /* MainTabBarController.swift in Sources */ = {isa = PBXBuildFile; fileRef = EFC3519D2AA72E5100180646 /* MainTabBarController.swift */; };
		EFC351A42AA72E5100180646 /* Unsplash.xcdatamodeld in Sources */ = {isa = PBXBuildFile; fileRef = EFC351A22AA72E5100180646 /* Unsplash.xcdatamodeld */; };
		EFC351A62AA72E5200180646 /* Assets.xcassets in Resources */ = {isa = PBXBuildFile; fileRef = EFC351A52AA72E5200180646 /* Assets.xcassets */; };
		EFC351A92AA72E5200180646 /* LaunchScreen.storyboard in Resources */ = {isa = PBXBuildFile; fileRef = EFC351A72AA72E5200180646 /* LaunchScreen.storyboard */; };
		EFC351B12AA7392200180646 /* ApiURL.swift in Sources */ = {isa = PBXBuildFile; fileRef = EFC351B02AA7392200180646 /* ApiURL.swift */; };
		EFC351B52AA73AFC00180646 /* SearchViewController.swift in Sources */ = {isa = PBXBuildFile; fileRef = EFC351B42AA73AFC00180646 /* SearchViewController.swift */; };
		EFC351B72AA73B0800180646 /* FavoriteViewController.swift in Sources */ = {isa = PBXBuildFile; fileRef = EFC351B62AA73B0800180646 /* FavoriteViewController.swift */; };
		EFC351BA2AA74E5900180646 /* NetworkDataFetcher.swift in Sources */ = {isa = PBXBuildFile; fileRef = EFC351B92AA74E5900180646 /* NetworkDataFetcher.swift */; };
		EFC351BD2AA7705C00180646 /* SearchResultCollectionCell.swift in Sources */ = {isa = PBXBuildFile; fileRef = EFC351BC2AA7705C00180646 /* SearchResultCollectionCell.swift */; };
		EFC351BF2AA770B100180646 /* WebImageView.swift in Sources */ = {isa = PBXBuildFile; fileRef = EFC351BE2AA770B100180646 /* WebImageView.swift */; };
/* End PBXBuildFile section */

/* Begin PBXFileReference section */
		05FDDBCA98930C04A7E1A62A /* Pods-Unsplash.release.xcconfig */ = {isa = PBXFileReference; includeInIndex = 1; lastKnownFileType = text.xcconfig; name = "Pods-Unsplash.release.xcconfig"; path = "Target Support Files/Pods-Unsplash/Pods-Unsplash.release.xcconfig"; sourceTree = "<group>"; };
		8765581F979490905B1C9C37 /* Pods_Unsplash.framework */ = {isa = PBXFileReference; explicitFileType = wrapper.framework; includeInIndex = 0; path = Pods_Unsplash.framework; sourceTree = BUILT_PRODUCTS_DIR; };
		D54018600A004DCB93816C3D /* Pods-Unsplash.debug.xcconfig */ = {isa = PBXFileReference; includeInIndex = 1; lastKnownFileType = text.xcconfig; name = "Pods-Unsplash.debug.xcconfig"; path = "Target Support Files/Pods-Unsplash/Pods-Unsplash.debug.xcconfig"; sourceTree = "<group>"; };
		EFC351962AA72E5100180646 /* Unsplash.app */ = {isa = PBXFileReference; explicitFileType = wrapper.application; includeInIndex = 0; path = Unsplash.app; sourceTree = BUILT_PRODUCTS_DIR; };
		EFC351992AA72E5100180646 /* AppDelegate.swift */ = {isa = PBXFileReference; lastKnownFileType = sourcecode.swift; path = AppDelegate.swift; sourceTree = "<group>"; };
		EFC3519B2AA72E5100180646 /* SceneDelegate.swift */ = {isa = PBXFileReference; lastKnownFileType = sourcecode.swift; path = SceneDelegate.swift; sourceTree = "<group>"; };
		EFC3519D2AA72E5100180646 /* MainTabBarController.swift */ = {isa = PBXFileReference; lastKnownFileType = sourcecode.swift; path = MainTabBarController.swift; sourceTree = "<group>"; };
		EFC351A32AA72E5100180646 /* Unsplash.xcdatamodel */ = {isa = PBXFileReference; lastKnownFileType = wrapper.xcdatamodel; path = Unsplash.xcdatamodel; sourceTree = "<group>"; };
		EFC351A52AA72E5200180646 /* Assets.xcassets */ = {isa = PBXFileReference; lastKnownFileType = folder.assetcatalog; path = Assets.xcassets; sourceTree = "<group>"; };
		EFC351A82AA72E5200180646 /* Base */ = {isa = PBXFileReference; lastKnownFileType = file.storyboard; name = Base; path = Base.lproj/LaunchScreen.storyboard; sourceTree = "<group>"; };
		EFC351AA2AA72E5200180646 /* Info.plist */ = {isa = PBXFileReference; lastKnownFileType = text.plist.xml; path = Info.plist; sourceTree = "<group>"; };
		EFC351B02AA7392200180646 /* ApiURL.swift */ = {isa = PBXFileReference; lastKnownFileType = sourcecode.swift; path = ApiURL.swift; sourceTree = "<group>"; };
		EFC351B42AA73AFC00180646 /* SearchViewController.swift */ = {isa = PBXFileReference; lastKnownFileType = sourcecode.swift; path = SearchViewController.swift; sourceTree = "<group>"; };
		EFC351B62AA73B0800180646 /* FavoriteViewController.swift */ = {isa = PBXFileReference; lastKnownFileType = sourcecode.swift; path = FavoriteViewController.swift; sourceTree = "<group>"; };
		EFC351B92AA74E5900180646 /* NetworkDataFetcher.swift */ = {isa = PBXFileReference; lastKnownFileType = sourcecode.swift; path = NetworkDataFetcher.swift; sourceTree = "<group>"; };
		EFC351BC2AA7705C00180646 /* SearchResultCollectionCell.swift */ = {isa = PBXFileReference; lastKnownFileType = sourcecode.swift; path = SearchResultCollectionCell.swift; sourceTree = "<group>"; };
		EFC351BE2AA770B100180646 /* WebImageView.swift */ = {isa = PBXFileReference; lastKnownFileType = sourcecode.swift; path = WebImageView.swift; sourceTree = "<group>"; };
/* End PBXFileReference section */

/* Begin PBXFrameworksBuildPhase section */
		EFC351932AA72E5100180646 /* Frameworks */ = {
			isa = PBXFrameworksBuildPhase;
			buildActionMask = 2147483647;
			files = (
				B03C519F0FDDF0D30943E90E /* Pods_Unsplash.framework in Frameworks */,
			);
			runOnlyForDeploymentPostprocessing = 0;
		};
/* End PBXFrameworksBuildPhase section */

/* Begin PBXGroup section */
		3715AFC90BDC6435159DE4F8 /* Pods */ = {
			isa = PBXGroup;
			children = (
				D54018600A004DCB93816C3D /* Pods-Unsplash.debug.xcconfig */,
				05FDDBCA98930C04A7E1A62A /* Pods-Unsplash.release.xcconfig */,
			);
			path = Pods;
			sourceTree = "<group>";
		};
		9D4208DB31B7CF7D75F6E7CE /* Frameworks */ = {
			isa = PBXGroup;
			children = (
				8765581F979490905B1C9C37 /* Pods_Unsplash.framework */,
			);
			name = Frameworks;
			sourceTree = "<group>";
		};
		EFC3518D2AA72E5100180646 = {
			isa = PBXGroup;
			children = (
				EFC351982AA72E5100180646 /* Unsplash */,
				EFC351972AA72E5100180646 /* Products */,
				3715AFC90BDC6435159DE4F8 /* Pods */,
				9D4208DB31B7CF7D75F6E7CE /* Frameworks */,
			);
			sourceTree = "<group>";
		};
		EFC351972AA72E5100180646 /* Products */ = {
			isa = PBXGroup;
			children = (
				EFC351962AA72E5100180646 /* Unsplash.app */,
			);
			name = Products;
			sourceTree = "<group>";
		};
		EFC351982AA72E5100180646 /* Unsplash */ = {
			isa = PBXGroup;
			children = (
				EFC351992AA72E5100180646 /* AppDelegate.swift */,
				EFC3519B2AA72E5100180646 /* SceneDelegate.swift */,
				EFC351B02AA7392200180646 /* ApiURL.swift */,
				EFC351B92AA74E5900180646 /* NetworkDataFetcher.swift */,
				EFC3519D2AA72E5100180646 /* MainTabBarController.swift */,
				EFC351B42AA73AFC00180646 /* SearchViewController.swift */,
				EFC351BC2AA7705C00180646 /* SearchResultCollectionCell.swift */,
				EFC351BE2AA770B100180646 /* WebImageView.swift */,
				EFC351B62AA73B0800180646 /* FavoriteViewController.swift */,
				EFC351A52AA72E5200180646 /* Assets.xcassets */,
				EFC351A72AA72E5200180646 /* LaunchScreen.storyboard */,
				EFC351AA2AA72E5200180646 /* Info.plist */,
				EFC351A22AA72E5100180646 /* Unsplash.xcdatamodeld */,
			);
			path = Unsplash;
			sourceTree = "<group>";
		};
/* End PBXGroup section */

/* Begin PBXNativeTarget section */
		EFC351952AA72E5100180646 /* Unsplash */ = {
			isa = PBXNativeTarget;
			buildConfigurationList = EFC351AD2AA72E5200180646 /* Build configuration list for PBXNativeTarget "Unsplash" */;
			buildPhases = (
				137059E2EC74C0DF5DE22D00 /* [CP] Check Pods Manifest.lock */,
				EFC351922AA72E5100180646 /* Sources */,
				EFC351932AA72E5100180646 /* Frameworks */,
				EFC351942AA72E5100180646 /* Resources */,
				7FAB5876EDBC76106011F5C8 /* [CP] Embed Pods Frameworks */,
			);
			buildRules = (
			);
			dependencies = (
			);
			name = Unsplash;
			productName = Unsplash;
			productReference = EFC351962AA72E5100180646 /* Unsplash.app */;
			productType = "com.apple.product-type.application";
		};
/* End PBXNativeTarget section */

/* Begin PBXProject section */
		EFC3518E2AA72E5100180646 /* Project object */ = {
			isa = PBXProject;
			attributes = {
				BuildIndependentTargetsInParallel = 1;
				LastSwiftUpdateCheck = 1430;
				LastUpgradeCheck = 1430;
				TargetAttributes = {
					EFC351952AA72E5100180646 = {
						CreatedOnToolsVersion = 14.3.1;
					};
				};
			};
			buildConfigurationList = EFC351912AA72E5100180646 /* Build configuration list for PBXProject "Unsplash" */;
			compatibilityVersion = "Xcode 14.0";
			developmentRegion = en;
			hasScannedForEncodings = 0;
			knownRegions = (
				en,
				Base,
			);
			mainGroup = EFC3518D2AA72E5100180646;
			productRefGroup = EFC351972AA72E5100180646 /* Products */;
			projectDirPath = "";
			projectRoot = "";
			targets = (
				EFC351952AA72E5100180646 /* Unsplash */,
			);
		};
/* End PBXProject section */

/* Begin PBXResourcesBuildPhase section */
		EFC351942AA72E5100180646 /* Resources */ = {
			isa = PBXResourcesBuildPhase;
			buildActionMask = 2147483647;
			files = (
				EFC351A92AA72E5200180646 /* LaunchScreen.storyboard in Resources */,
				EFC351A62AA72E5200180646 /* Assets.xcassets in Resources */,
			);
			runOnlyForDeploymentPostprocessing = 0;
		};
/* End PBXResourcesBuildPhase section */

/* Begin PBXShellScriptBuildPhase section */
		137059E2EC74C0DF5DE22D00 /* [CP] Check Pods Manifest.lock */ = {
			isa = PBXShellScriptBuildPhase;
			buildActionMask = 2147483647;
			files = (
			);
			inputFileListPaths = (
			);
			inputPaths = (
				"${PODS_PODFILE_DIR_PATH}/Podfile.lock",
				"${PODS_ROOT}/Manifest.lock",
			);
			name = "[CP] Check Pods Manifest.lock";
			outputFileListPaths = (
			);
			outputPaths = (
				"$(DERIVED_FILE_DIR)/Pods-Unsplash-checkManifestLockResult.txt",
			);
			runOnlyForDeploymentPostprocessing = 0;
			shellPath = /bin/sh;
			shellScript = "diff \"${PODS_PODFILE_DIR_PATH}/Podfile.lock\" \"${PODS_ROOT}/Manifest.lock\" > /dev/null\nif [ $? != 0 ] ; then\n    # print error to STDERR\n    echo \"error: The sandbox is not in sync with the Podfile.lock. Run 'pod install' or update your CocoaPods installation.\" >&2\n    exit 1\nfi\n# This output is used by Xcode 'outputs' to avoid re-running this script phase.\necho \"SUCCESS\" > \"${SCRIPT_OUTPUT_FILE_0}\"\n";
			showEnvVarsInLog = 0;
		};
		7FAB5876EDBC76106011F5C8 /* [CP] Embed Pods Frameworks */ = {
			isa = PBXShellScriptBuildPhase;
			buildActionMask = 2147483647;
			files = (
			);
			inputFileListPaths = (
				"${PODS_ROOT}/Target Support Files/Pods-Unsplash/Pods-Unsplash-frameworks-${CONFIGURATION}-input-files.xcfilelist",
			);
			name = "[CP] Embed Pods Frameworks";
			outputFileListPaths = (
				"${PODS_ROOT}/Target Support Files/Pods-Unsplash/Pods-Unsplash-frameworks-${CONFIGURATION}-output-files.xcfilelist",
			);
			runOnlyForDeploymentPostprocessing = 0;
			shellPath = /bin/sh;
			shellScript = "\"${PODS_ROOT}/Target Support Files/Pods-Unsplash/Pods-Unsplash-frameworks.sh\"\n";
			showEnvVarsInLog = 0;
		};
/* End PBXShellScriptBuildPhase section */

/* Begin PBXSourcesBuildPhase section */
		EFC351922AA72E5100180646 /* Sources */ = {
			isa = PBXSourcesBuildPhase;
			buildActionMask = 2147483647;
			files = (
				EFC351B52AA73AFC00180646 /* SearchViewController.swift in Sources */,
				EFC351B72AA73B0800180646 /* FavoriteViewController.swift in Sources */,
				EFC3519E2AA72E5100180646 /* MainTabBarController.swift in Sources */,
				EFC351BF2AA770B100180646 /* WebImageView.swift in Sources */,
				EFC3519A2AA72E5100180646 /* AppDelegate.swift in Sources */,
				EFC351B12AA7392200180646 /* ApiURL.swift in Sources */,
				EFC3519C2AA72E5100180646 /* SceneDelegate.swift in Sources */,
				EFC351BD2AA7705C00180646 /* SearchResultCollectionCell.swift in Sources */,
				EFC351BA2AA74E5900180646 /* NetworkDataFetcher.swift in Sources */,
				EFC351A42AA72E5100180646 /* Unsplash.xcdatamodeld in Sources */,
			);
			runOnlyForDeploymentPostprocessing = 0;
		};
/* End PBXSourcesBuildPhase section */

/* Begin PBXVariantGroup section */
		EFC351A72AA72E5200180646 /* LaunchScreen.storyboard */ = {
			isa = PBXVariantGroup;
			children = (
				EFC351A82AA72E5200180646 /* Base */,
			);
			name = LaunchScreen.storyboard;
			sourceTree = "<group>";
		};
/* End PBXVariantGroup section */

/* Begin XCBuildConfiguration section */
		EFC351AB2AA72E5200180646 /* Debug */ = {
			isa = XCBuildConfiguration;
			buildSettings = {
				ALWAYS_SEARCH_USER_PATHS = NO;
				CLANG_ANALYZER_NONNULL = YES;
				CLANG_ANALYZER_NUMBER_OBJECT_CONVERSION = YES_AGGRESSIVE;
				CLANG_CXX_LANGUAGE_STANDARD = "gnu++20";
				CLANG_ENABLE_MODULES = YES;
				CLANG_ENABLE_OBJC_ARC = YES;
				CLANG_ENABLE_OBJC_WEAK = YES;
				CLANG_WARN_BLOCK_CAPTURE_AUTORELEASING = YES;
				CLANG_WARN_BOOL_CONVERSION = YES;
				CLANG_WARN_COMMA = YES;
				CLANG_WARN_CONSTANT_CONVERSION = YES;
				CLANG_WARN_DEPRECATED_OBJC_IMPLEMENTATIONS = YES;
				CLANG_WARN_DIRECT_OBJC_ISA_USAGE = YES_ERROR;
				CLANG_WARN_DOCUMENTATION_COMMENTS = YES;
				CLANG_WARN_EMPTY_BODY = YES;
				CLANG_WARN_ENUM_CONVERSION = YES;
				CLANG_WARN_INFINITE_RECURSION = YES;
				CLANG_WARN_INT_CONVERSION = YES;
				CLANG_WARN_NON_LITERAL_NULL_CONVERSION = YES;
				CLANG_WARN_OBJC_IMPLICIT_RETAIN_SELF = YES;
				CLANG_WARN_OBJC_LITERAL_CONVERSION = YES;
				CLANG_WARN_OBJC_ROOT_CLASS = YES_ERROR;
				CLANG_WARN_QUOTED_INCLUDE_IN_FRAMEWORK_HEADER = YES;
				CLANG_WARN_RANGE_LOOP_ANALYSIS = YES;
				CLANG_WARN_STRICT_PROTOTYPES = YES;
				CLANG_WARN_SUSPICIOUS_MOVE = YES;
				CLANG_WARN_UNGUARDED_AVAILABILITY = YES_AGGRESSIVE;
				CLANG_WARN_UNREACHABLE_CODE = YES;
				CLANG_WARN__DUPLICATE_METHOD_MATCH = YES;
				COPY_PHASE_STRIP = NO;
				DEBUG_INFORMATION_FORMAT = dwarf;
				ENABLE_STRICT_OBJC_MSGSEND = YES;
				ENABLE_TESTABILITY = YES;
				GCC_C_LANGUAGE_STANDARD = gnu11;
				GCC_DYNAMIC_NO_PIC = NO;
				GCC_NO_COMMON_BLOCKS = YES;
				GCC_OPTIMIZATION_LEVEL = 0;
				GCC_PREPROCESSOR_DEFINITIONS = (
					"DEBUG=1",
					"$(inherited)",
				);
				GCC_WARN_64_TO_32_BIT_CONVERSION = YES;
				GCC_WARN_ABOUT_RETURN_TYPE = YES_ERROR;
				GCC_WARN_UNDECLARED_SELECTOR = YES;
				GCC_WARN_UNINITIALIZED_AUTOS = YES_AGGRESSIVE;
				GCC_WARN_UNUSED_FUNCTION = YES;
				GCC_WARN_UNUSED_VARIABLE = YES;
				IPHONEOS_DEPLOYMENT_TARGET = 16.4;
				MTL_ENABLE_DEBUG_INFO = INCLUDE_SOURCE;
				MTL_FAST_MATH = YES;
				ONLY_ACTIVE_ARCH = YES;
				SDKROOT = iphoneos;
				SWIFT_ACTIVE_COMPILATION_CONDITIONS = DEBUG;
				SWIFT_OPTIMIZATION_LEVEL = "-Onone";
			};
			name = Debug;
		};
		EFC351AC2AA72E5200180646 /* Release */ = {
			isa = XCBuildConfiguration;
			buildSettings = {
				ALWAYS_SEARCH_USER_PATHS = NO;
				CLANG_ANALYZER_NONNULL = YES;
				CLANG_ANALYZER_NUMBER_OBJECT_CONVERSION = YES_AGGRESSIVE;
				CLANG_CXX_LANGUAGE_STANDARD = "gnu++20";
				CLANG_ENABLE_MODULES = YES;
				CLANG_ENABLE_OBJC_ARC = YES;
				CLANG_ENABLE_OBJC_WEAK = YES;
				CLANG_WARN_BLOCK_CAPTURE_AUTORELEASING = YES;
				CLANG_WARN_BOOL_CONVERSION = YES;
				CLANG_WARN_COMMA = YES;
				CLANG_WARN_CONSTANT_CONVERSION = YES;
				CLANG_WARN_DEPRECATED_OBJC_IMPLEMENTATIONS = YES;
				CLANG_WARN_DIRECT_OBJC_ISA_USAGE = YES_ERROR;
				CLANG_WARN_DOCUMENTATION_COMMENTS = YES;
				CLANG_WARN_EMPTY_BODY = YES;
				CLANG_WARN_ENUM_CONVERSION = YES;
				CLANG_WARN_INFINITE_RECURSION = YES;
				CLANG_WARN_INT_CONVERSION = YES;
				CLANG_WARN_NON_LITERAL_NULL_CONVERSION = YES;
				CLANG_WARN_OBJC_IMPLICIT_RETAIN_SELF = YES;
				CLANG_WARN_OBJC_LITERAL_CONVERSION = YES;
				CLANG_WARN_OBJC_ROOT_CLASS = YES_ERROR;
				CLANG_WARN_QUOTED_INCLUDE_IN_FRAMEWORK_HEADER = YES;
				CLANG_WARN_RANGE_LOOP_ANALYSIS = YES;
				CLANG_WARN_STRICT_PROTOTYPES = YES;
				CLANG_WARN_SUSPICIOUS_MOVE = YES;
				CLANG_WARN_UNGUARDED_AVAILABILITY = YES_AGGRESSIVE;
				CLANG_WARN_UNREACHABLE_CODE = YES;
				CLANG_WARN__DUPLICATE_METHOD_MATCH = YES;
				COPY_PHASE_STRIP = NO;
				DEBUG_INFORMATION_FORMAT = "dwarf-with-dsym";
				ENABLE_NS_ASSERTIONS = NO;
				ENABLE_STRICT_OBJC_MSGSEND = YES;
				GCC_C_LANGUAGE_STANDARD = gnu11;
				GCC_NO_COMMON_BLOCKS = YES;
				GCC_WARN_64_TO_32_BIT_CONVERSION = YES;
				GCC_WARN_ABOUT_RETURN_TYPE = YES_ERROR;
				GCC_WARN_UNDECLARED_SELECTOR = YES;
				GCC_WARN_UNINITIALIZED_AUTOS = YES_AGGRESSIVE;
				GCC_WARN_UNUSED_FUNCTION = YES;
				GCC_WARN_UNUSED_VARIABLE = YES;
				IPHONEOS_DEPLOYMENT_TARGET = 16.4;
				MTL_ENABLE_DEBUG_INFO = NO;
				MTL_FAST_MATH = YES;
				SDKROOT = iphoneos;
				SWIFT_COMPILATION_MODE = wholemodule;
				SWIFT_OPTIMIZATION_LEVEL = "-O";
				VALIDATE_PRODUCT = YES;
			};
			name = Release;
		};
		EFC351AE2AA72E5200180646 /* Debug */ = {
			isa = XCBuildConfiguration;
			baseConfigurationReference = D54018600A004DCB93816C3D /* Pods-Unsplash.debug.xcconfig */;
			buildSettings = {
				ASSETCATALOG_COMPILER_APPICON_NAME = AppIcon;
				ASSETCATALOG_COMPILER_GLOBAL_ACCENT_COLOR_NAME = AccentColor;
				CODE_SIGN_STYLE = Automatic;
				CURRENT_PROJECT_VERSION = 1;
				DEVELOPMENT_TEAM = T6G9TGF6UU;
				GENERATE_INFOPLIST_FILE = YES;
				INFOPLIST_FILE = Unsplash/Info.plist;
				INFOPLIST_KEY_UIApplicationSupportsIndirectInputEvents = YES;
				INFOPLIST_KEY_UILaunchStoryboardName = LaunchScreen;
				INFOPLIST_KEY_UISupportedInterfaceOrientations_iPad = "UIInterfaceOrientationPortrait UIInterfaceOrientationPortraitUpsideDown UIInterfaceOrientationLandscapeLeft UIInterfaceOrientationLandscapeRight";
				INFOPLIST_KEY_UISupportedInterfaceOrientations_iPhone = "UIInterfaceOrientationPortrait UIInterfaceOrientationLandscapeLeft UIInterfaceOrientationLandscapeRight";
				IPHONEOS_DEPLOYMENT_TARGET = 14.0;
				LD_RUNPATH_SEARCH_PATHS = (
					"$(inherited)",
					"@executable_path/Frameworks",
				);
				MARKETING_VERSION = 1.0;
				PRODUCT_BUNDLE_IDENTIFIER = com.FrukTiK.Unsplash;
				PRODUCT_NAME = "$(TARGET_NAME)";
				SWIFT_EMIT_LOC_STRINGS = YES;
				SWIFT_VERSION = 5.0;
				TARGETED_DEVICE_FAMILY = "1,2";
			};
			name = Debug;
		};
		EFC351AF2AA72E5200180646 /* Release */ = {
			isa = XCBuildConfiguration;
			baseConfigurationReference = 05FDDBCA98930C04A7E1A62A /* Pods-Unsplash.release.xcconfig */;
			buildSettings = {
				ASSETCATALOG_COMPILER_APPICON_NAME = AppIcon;
				ASSETCATALOG_COMPILER_GLOBAL_ACCENT_COLOR_NAME = AccentColor;
				CODE_SIGN_STYLE = Automatic;
				CURRENT_PROJECT_VERSION = 1;
				DEVELOPMENT_TEAM = T6G9TGF6UU;
				GENERATE_INFOPLIST_FILE = YES;
				INFOPLIST_FILE = Unsplash/Info.plist;
				INFOPLIST_KEY_UIApplicationSupportsIndirectInputEvents = YES;
				INFOPLIST_KEY_UILaunchStoryboardName = LaunchScreen;
				INFOPLIST_KEY_UISupportedInterfaceOrientations_iPad = "UIInterfaceOrientationPortrait UIInterfaceOrientationPortraitUpsideDown UIInterfaceOrientationLandscapeLeft UIInterfaceOrientationLandscapeRight";
				INFOPLIST_KEY_UISupportedInterfaceOrientations_iPhone = "UIInterfaceOrientationPortrait UIInterfaceOrientationLandscapeLeft UIInterfaceOrientationLandscapeRight";
				IPHONEOS_DEPLOYMENT_TARGET = 14.0;
				LD_RUNPATH_SEARCH_PATHS = (
					"$(inherited)",
					"@executable_path/Frameworks",
				);
				MARKETING_VERSION = 1.0;
				PRODUCT_BUNDLE_IDENTIFIER = com.FrukTiK.Unsplash;
				PRODUCT_NAME = "$(TARGET_NAME)";
				SWIFT_EMIT_LOC_STRINGS = YES;
				SWIFT_VERSION = 5.0;
				TARGETED_DEVICE_FAMILY = "1,2";
			};
			name = Release;
		};
/* End XCBuildConfiguration section */

/* Begin XCConfigurationList section */
		EFC351912AA72E5100180646 /* Build configuration list for PBXProject "Unsplash" */ = {
			isa = XCConfigurationList;
			buildConfigurations = (
				EFC351AB2AA72E5200180646 /* Debug */,
				EFC351AC2AA72E5200180646 /* Release */,
			);
			defaultConfigurationIsVisible = 0;
			defaultConfigurationName = Release;
		};
		EFC351AD2AA72E5200180646 /* Build configuration list for PBXNativeTarget "Unsplash" */ = {
			isa = XCConfigurationList;
			buildConfigurations = (
				EFC351AE2AA72E5200180646 /* Debug */,
				EFC351AF2AA72E5200180646 /* Release */,
			);
			defaultConfigurationIsVisible = 0;
			defaultConfigurationName = Release;
		};
/* End XCConfigurationList section */

/* Begin XCVersionGroup section */
		EFC351A22AA72E5100180646 /* Unsplash.xcdatamodeld */ = {
			isa = XCVersionGroup;
			children = (
				EFC351A32AA72E5100180646 /* Unsplash.xcdatamodel */,
			);
			currentVersion = EFC351A32AA72E5100180646 /* Unsplash.xcdatamodel */;
			path = Unsplash.xcdatamodeld;
			sourceTree = "<group>";
			versionGroupType = wrapper.xcdatamodel;
		};
/* End XCVersionGroup section */
	};
	rootObject = EFC3518E2AA72E5100180646 /* Project object */;
}
